
Microsoft Visual Studio Solution File, Format Version 12.00
# Visual Studio Version 16
VisualStudioVersion = 16.0.28527.54
MinimumVisualStudioVersion = 10.0.40219.1
Project("{FAE04EC0-301F-11D3-BF4B-00C04F79EFBC}") = "ProductBacklog.Api", "ProductBacklog.Api\ProductBacklog.Api.csproj", "{186A426B-1E81-441F-AEFB-EE3CD1E19F0D}"
EndProject
Global
	GlobalSection(SolutionConfigurationPlatforms) = preSolution
		Debug|Any CPU = Debug|Any CPU
		Release|Any CPU = Release|Any CPU
	EndGlobalSection
	GlobalSection(ProjectConfigurationPlatforms) = postSolution
		{186A426B-1E81-441F-AEFB-EE3CD1E19F0D}.Debug|Any CPU.ActiveCfg = Debug|Any CPU
		{186A426B-1E81-441F-AEFB-EE3CD1E19F0D}.Debug|Any CPU.Build.0 = Debug|Any CPU
		{186A426B-1E81-441F-AEFB-EE3CD1E19F0D}.Release|Any CPU.ActiveCfg = Release|Any CPU
		{186A426B-1E81-441F-AEFB-EE3CD1E19F0D}.Release|Any CPU.Build.0 = Release|Any CPU
	EndGlobalSection
	GlobalSection(SolutionProperties) = preSolution
		HideSolutionNode = FALSE
	EndGlobalSection
	GlobalSection(ExtensibilityGlobals) = postSolution
		SolutionGuid = {2F5355C0-8128-4249-AFE4-4AA4A7D7B50B}
	EndGlobalSection
EndGlobal
